
Microsoft Visual Studio Solution File, Format Version 12.00
# Visual Studio Version 17
VisualStudioVersion = 17.10.34916.146
MinimumVisualStudioVersion = 10.0.40219.1
Project("{9A19103F-16F7-4668-BE54-9A1E7A4F7556}") = "Droos.Api", "Droos.Api\Droos.Api.csproj", "{AF412229-55CC-4F94-B488-DC2BDD16401A}"
EndProject
Project("{9A19103F-16F7-4668-BE54-9A1E7A4F7556}") = "Droos.Model", "Droos.Model\Droos.Model.csproj", "{1E93E082-7414-4BDD-89E4-67BA090A8958}"
EndProject
Project("{FAE04EC0-301F-11D3-BF4B-00C04F79EFBC}") = "Droos.Repositories", "Droos.Repositories\Droos.Repositories.csproj", "{4DDD374A-3099-4750-A667-0035FA744CE8}"
EndProject
Global
	GlobalSection(SolutionConfigurationPlatforms) = preSolution
		Debug|Any CPU = Debug|Any CPU
		Release|Any CPU = Release|Any CPU
	EndGlobalSection
	GlobalSection(ProjectConfigurationPlatforms) = postSolution
		{AF412229-55CC-4F94-B488-DC2BDD16401A}.Debug|Any CPU.ActiveCfg = Debug|Any CPU
		{AF412229-55CC-4F94-B488-DC2BDD16401A}.Debug|Any CPU.Build.0 = Debug|Any CPU
		{AF412229-55CC-4F94-B488-DC2BDD16401A}.Release|Any CPU.ActiveCfg = Release|Any CPU
		{AF412229-55CC-4F94-B488-DC2BDD16401A}.Release|Any CPU.Build.0 = Release|Any CPU
		{1E93E082-7414-4BDD-89E4-67BA090A8958}.Debug|Any CPU.ActiveCfg = Debug|Any CPU
		{1E93E082-7414-4BDD-89E4-67BA090A8958}.Debug|Any CPU.Build.0 = Debug|Any CPU
		{1E93E082-7414-4BDD-89E4-67BA090A8958}.Release|Any CPU.ActiveCfg = Release|Any CPU
		{1E93E082-7414-4BDD-89E4-67BA090A8958}.Release|Any CPU.Build.0 = Release|Any CPU
		{4DDD374A-3099-4750-A667-0035FA744CE8}.Debug|Any CPU.ActiveCfg = Debug|Any CPU
		{4DDD374A-3099-4750-A667-0035FA744CE8}.Debug|Any CPU.Build.0 = Debug|Any CPU
		{4DDD374A-3099-4750-A667-0035FA744CE8}.Release|Any CPU.ActiveCfg = Release|Any CPU
		{4DDD374A-3099-4750-A667-0035FA744CE8}.Release|Any CPU.Build.0 = Release|Any CPU
	EndGlobalSection
	GlobalSection(SolutionProperties) = preSolution
		HideSolutionNode = FALSE
	EndGlobalSection
	GlobalSection(ExtensibilityGlobals) = postSolution
		SolutionGuid = {991DE7CD-77F5-4191-82BB-2CB83B52492B}
	EndGlobalSection
EndGlobal
